
Microsoft Visual Studio Solution File, Format Version 12.00
# Visual Studio 15
VisualStudioVersion = 15.0.28010.2050
MinimumVisualStudioVersion = 10.0.40219.1
Project("{FAE04EC0-301F-11D3-BF4B-00C04F79EFBC}") = "ExoTest", "ExoTest\ExoTest.csproj", "{DB99CD3C-7EC0-4B05-B430-CBBF6A8D7A5E}"
EndProject
Global
	GlobalSection(SolutionConfigurationPlatforms) = preSolution
		Debug|Any CPU = Debug|Any CPU
		Release|Any CPU = Release|Any CPU
	EndGlobalSection
	GlobalSection(ProjectConfigurationPlatforms) = postSolution
		{DB99CD3C-7EC0-4B05-B430-CBBF6A8D7A5E}.Debug|Any CPU.ActiveCfg = Debug|Any CPU
		{DB99CD3C-7EC0-4B05-B430-CBBF6A8D7A5E}.Debug|Any CPU.Build.0 = Debug|Any CPU
		{DB99CD3C-7EC0-4B05-B430-CBBF6A8D7A5E}.Release|Any CPU.ActiveCfg = Release|Any CPU
		{DB99CD3C-7EC0-4B05-B430-CBBF6A8D7A5E}.Release|Any CPU.Build.0 = Release|Any CPU
	EndGlobalSection
	GlobalSection(SolutionProperties) = preSolution
		HideSolutionNode = FALSE
	EndGlobalSection
	GlobalSection(ExtensibilityGlobals) = postSolution
		SolutionGuid = {78C0AC16-64B4-41EF-B0C7-A248EC36AF91}
	EndGlobalSection
EndGlobal
